
Microsoft Visual Studio Solution File, Format Version 12.00
# Visual Studio Version 17
VisualStudioVersion = 17.5.33424.131
MinimumVisualStudioVersion = 10.0.40219.1
Project("{8BC9CEB8-8B4A-11D0-8D11-00A0C91BC942}") = "CUDA_MandelbrotSet_Computation", "CUDA_MandelbrotSet_Computation\CUDA_MandelbrotSet_Computation.vcxproj", "{AEE9629C-4640-405C-AC48-E149550DB273}"
EndProject
Global
	GlobalSection(SolutionConfigurationPlatforms) = preSolution
		Debug|x64 = Debug|x64
		Release|x64 = Release|x64
	EndGlobalSection
	GlobalSection(ProjectConfigurationPlatforms) = postSolution
		{AEE9629C-4640-405C-AC48-E149550DB273}.Debug|x64.ActiveCfg = Debug|x64
		{AEE9629C-4640-405C-AC48-E149550DB273}.Debug|x64.Build.0 = Debug|x64
		{AEE9629C-4640-405C-AC48-E149550DB273}.Release|x64.ActiveCfg = Release|x64
		{AEE9629C-4640-405C-AC48-E149550DB273}.Release|x64.Build.0 = Release|x64
	EndGlobalSection
	GlobalSection(SolutionProperties) = preSolution
		HideSolutionNode = FALSE
	EndGlobalSection
	GlobalSection(ExtensibilityGlobals) = postSolution
		SolutionGuid = {1DE3AFD0-C11D-4C39-9407-5110B56DF4C9}
	EndGlobalSection
EndGlobal
